
Microsoft Visual Studio Solution File, Format Version 12.00
# Visual Studio Version 17
VisualStudioVersion = 17.0.31903.59
MinimumVisualStudioVersion = 10.0.40219.1
Project("{FAE04EC0-301F-11D3-BF4B-00C04F79EFBC}") = "GeFigures", "GeFigures\GeFigures.csproj", "{0E1D561A-1ADE-4695-BBD4-D2840C22AD23}"
EndProject
Project("{FAE04EC0-301F-11D3-BF4B-00C04F79EFBC}") = "GeFigures.Tests", "Tests\GeFigures.Tests.csproj", "{446D7859-1158-457E-81C1-AFC9BF864E68}"
EndProject
Project("{2150E333-8FDC-42A3-9474-1A3956D46DE8}") = "Tests", "Tests", "{595A99E7-A26B-4CBC-A868-B5FCDB0FEE78}"
EndProject
Global
	GlobalSection(SolutionConfigurationPlatforms) = preSolution
		Debug|Any CPU = Debug|Any CPU
		Release|Any CPU = Release|Any CPU
	EndGlobalSection
	GlobalSection(SolutionProperties) = preSolution
		HideSolutionNode = FALSE
	EndGlobalSection
	GlobalSection(ProjectConfigurationPlatforms) = postSolution
		{0E1D561A-1ADE-4695-BBD4-D2840C22AD23}.Debug|Any CPU.ActiveCfg = Debug|Any CPU
		{0E1D561A-1ADE-4695-BBD4-D2840C22AD23}.Debug|Any CPU.Build.0 = Debug|Any CPU
		{0E1D561A-1ADE-4695-BBD4-D2840C22AD23}.Release|Any CPU.ActiveCfg = Release|Any CPU
		{0E1D561A-1ADE-4695-BBD4-D2840C22AD23}.Release|Any CPU.Build.0 = Release|Any CPU
		{446D7859-1158-457E-81C1-AFC9BF864E68}.Debug|Any CPU.ActiveCfg = Debug|Any CPU
		{446D7859-1158-457E-81C1-AFC9BF864E68}.Debug|Any CPU.Build.0 = Debug|Any CPU
		{446D7859-1158-457E-81C1-AFC9BF864E68}.Release|Any CPU.ActiveCfg = Release|Any CPU
		{446D7859-1158-457E-81C1-AFC9BF864E68}.Release|Any CPU.Build.0 = Release|Any CPU
	EndGlobalSection
	GlobalSection(NestedProjects) = preSolution
		{446D7859-1158-457E-81C1-AFC9BF864E68} = {595A99E7-A26B-4CBC-A868-B5FCDB0FEE78}
	EndGlobalSection
EndGlobal
